// !$*UTF8*$!
{
	archiveVersion = 1;
	classes = {
	};
	objectVersion = 56;
	objects = {

/* Begin PBXBuildFile section */
		00A554762B152C740071685A /* FormViewController.swift in Sources */ = {isa = PBXBuildFile; fileRef = 00A554742B152C740071685A /* FormViewController.swift */; };
		00A554772B152C740071685A /* FormViewController.xib in Resources */ = {isa = PBXBuildFile; fileRef = 00A554752B152C740071685A /* FormViewController.xib */; };
		00A554792B152CE30071685A /* FormViewModel.swift in Sources */ = {isa = PBXBuildFile; fileRef = 00A554782B152CE30071685A /* FormViewModel.swift */; };
		00A5547B2B152F2D0071685A /* UIViewExtension.swift in Sources */ = {isa = PBXBuildFile; fileRef = 00A5547A2B152F2D0071685A /* UIViewExtension.swift */; };
		00A5547D2B15373A0071685A /* BaseRepository.swift in Sources */ = {isa = PBXBuildFile; fileRef = 00A5547C2B15373A0071685A /* BaseRepository.swift */; };
		00A5547F2B1542520071685A /* Kapi_TaskFormTests.swift in Sources */ = {isa = PBXBuildFile; fileRef = 00A5547E2B1542520071685A /* Kapi_TaskFormTests.swift */; };
		00D249232B148A000084CDEC /* AppDelegate.swift in Sources */ = {isa = PBXBuildFile; fileRef = 00D249222B148A000084CDEC /* AppDelegate.swift */; };
		00D2492C2B148A020084CDEC /* Assets.xcassets in Resources */ = {isa = PBXBuildFile; fileRef = 00D2492B2B148A020084CDEC /* Assets.xcassets */; };
		00D2492F2B148A020084CDEC /* LaunchScreen.storyboard in Resources */ = {isa = PBXBuildFile; fileRef = 00D2492D2B148A020084CDEC /* LaunchScreen.storyboard */; };
		00D249442B148A030084CDEC /* Kapi_TaskUITests.swift in Sources */ = {isa = PBXBuildFile; fileRef = 00D249432B148A030084CDEC /* Kapi_TaskUITests.swift */; };
		00D249462B148A030084CDEC /* Kapi_TaskUITestsLaunchTests.swift in Sources */ = {isa = PBXBuildFile; fileRef = 00D249452B148A030084CDEC /* Kapi_TaskUITestsLaunchTests.swift */; };
		00D249582B14D2000084CDEC /* BaseViewController.swift in Sources */ = {isa = PBXBuildFile; fileRef = 00D249572B14D2000084CDEC /* BaseViewController.swift */; };
		00D2495C2B14D9A00084CDEC /* Main.storyboard in Resources */ = {isa = PBXBuildFile; fileRef = 00D2495B2B14D9A00084CDEC /* Main.storyboard */; };
		00D2495E2B14DC5B0084CDEC /* PostsListViewModel.swift in Sources */ = {isa = PBXBuildFile; fileRef = 00D2495D2B14DC5B0084CDEC /* PostsListViewModel.swift */; };
		00D249612B14DD260084CDEC /* Post.swift in Sources */ = {isa = PBXBuildFile; fileRef = 00D249602B14DD260084CDEC /* Post.swift */; };
		00D249662B1507160084CDEC /* RegisterDependencies.swift in Sources */ = {isa = PBXBuildFile; fileRef = 00D249632B1507150084CDEC /* RegisterDependencies.swift */; };
		00D249672B1507160084CDEC /* RegisterRepositories.swift in Sources */ = {isa = PBXBuildFile; fileRef = 00D249642B1507150084CDEC /* RegisterRepositories.swift */; };
		00D249682B1507160084CDEC /* RegisterViewModels.swift in Sources */ = {isa = PBXBuildFile; fileRef = 00D249652B1507160084CDEC /* RegisterViewModels.swift */; };
		00D2496B2B1507DA0084CDEC /* Coordinator.swift in Sources */ = {isa = PBXBuildFile; fileRef = 00D2496A2B1507DA0084CDEC /* Coordinator.swift */; };
		00D2496D2B1508100084CDEC /* MainCoordinator.swift in Sources */ = {isa = PBXBuildFile; fileRef = 00D2496C2B1508100084CDEC /* MainCoordinator.swift */; };
		00D249702B1509290084CDEC /* PostsListViewController.swift in Sources */ = {isa = PBXBuildFile; fileRef = 00D2496E2B1509290084CDEC /* PostsListViewController.swift */; };
		00D249712B1509290084CDEC /* PostsListViewController.xib in Resources */ = {isa = PBXBuildFile; fileRef = 00D2496F2B1509290084CDEC /* PostsListViewController.xib */; };
		00D249742B150C6D0084CDEC /* PostsRepository.swift in Sources */ = {isa = PBXBuildFile; fileRef = 00D249732B150C6D0084CDEC /* PostsRepository.swift */; };
		00D249762B150F2D0084CDEC /* Result.swift in Sources */ = {isa = PBXBuildFile; fileRef = 00D249752B150F2D0084CDEC /* Result.swift */; };
		00D249792B150F930084CDEC /* Constants.swift in Sources */ = {isa = PBXBuildFile; fileRef = 00D249782B150F930084CDEC /* Constants.swift */; };
		00D2497B2B1519B80084CDEC /* BaseView.swift in Sources */ = {isa = PBXBuildFile; fileRef = 00D2497A2B1519B80084CDEC /* BaseView.swift */; };
		00D249822B151DE10084CDEC /* RegisterViews.swift in Sources */ = {isa = PBXBuildFile; fileRef = 00D249812B151DE10084CDEC /* RegisterViews.swift */; };
		00D249862B1520D30084CDEC /* PostCell.swift in Sources */ = {isa = PBXBuildFile; fileRef = 00D249842B1520D30084CDEC /* PostCell.swift */; };
		00D249872B1520D30084CDEC /* PostCell.xib in Resources */ = {isa = PBXBuildFile; fileRef = 00D249852B1520D30084CDEC /* PostCell.xib */; };
		00D2498D2B1528450084CDEC /* Kapi_TaskPostsListTests.swift in Sources */ = {isa = PBXBuildFile; fileRef = 00D2498C2B1528450084CDEC /* Kapi_TaskPostsListTests.swift */; };
		2711B76C46FE8CC51C4DE320 /* Pods_Kapi_Task_Kapi_TaskUITests.framework in Frameworks */ = {isa = PBXBuildFile; fileRef = 1F2F1517585D2C2D5BCD9463 /* Pods_Kapi_Task_Kapi_TaskUITests.framework */; };
		ADFF44C3648FCD437A6D385D /* Pods_Kapi_TaskTests.framework in Frameworks */ = {isa = PBXBuildFile; fileRef = EB858324A9BEA216E63CDAD7 /* Pods_Kapi_TaskTests.framework */; };
		F01D941F6F5A157E97F6715D /* Pods_Kapi_Task.framework in Frameworks */ = {isa = PBXBuildFile; fileRef = E1555BF61D6DD2C879C0EC6E /* Pods_Kapi_Task.framework */; };
/* End PBXBuildFile section */

/* Begin PBXContainerItemProxy section */
		00D249362B148A020084CDEC /* PBXContainerItemProxy */ = {
			isa = PBXContainerItemProxy;
			containerPortal = 00D249172B148A000084CDEC /* Project object */;
			proxyType = 1;
			remoteGlobalIDString = 00D2491E2B148A000084CDEC;
			remoteInfo = "Kapi-Task";
		};
		00D249402B148A030084CDEC /* PBXContainerItemProxy */ = {
			isa = PBXContainerItemProxy;
			containerPortal = 00D249172B148A000084CDEC /* Project object */;
			proxyType = 1;
			remoteGlobalIDString = 00D2491E2B148A000084CDEC;
			remoteInfo = "Kapi-Task";
		};
/* End PBXContainerItemProxy section */

/* Begin PBXFileReference section */
		00A554742B152C740071685A /* FormViewController.swift */ = {isa = PBXFileReference; lastKnownFileType = sourcecode.swift; path = FormViewController.swift; sourceTree = "<group>"; };
		00A554752B152C740071685A /* FormViewController.xib */ = {isa = PBXFileReference; lastKnownFileType = file.xib; path = FormViewController.xib; sourceTree = "<group>"; };
		00A554782B152CE30071685A /* FormViewModel.swift */ = {isa = PBXFileReference; lastKnownFileType = sourcecode.swift; path = FormViewModel.swift; sourceTree = "<group>"; };
		00A5547A2B152F2D0071685A /* UIViewExtension.swift */ = {isa = PBXFileReference; lastKnownFileType = sourcecode.swift; path = UIViewExtension.swift; sourceTree = "<group>"; };
		00A5547C2B15373A0071685A /* BaseRepository.swift */ = {isa = PBXFileReference; lastKnownFileType = sourcecode.swift; path = BaseRepository.swift; sourceTree = "<group>"; };
		00A5547E2B1542520071685A /* Kapi_TaskFormTests.swift */ = {isa = PBXFileReference; lastKnownFileType = sourcecode.swift; path = Kapi_TaskFormTests.swift; sourceTree = "<group>"; };
		00D2491F2B148A000084CDEC /* Kapi-Task.app */ = {isa = PBXFileReference; explicitFileType = wrapper.application; includeInIndex = 0; path = "Kapi-Task.app"; sourceTree = BUILT_PRODUCTS_DIR; };
		00D249222B148A000084CDEC /* AppDelegate.swift */ = {isa = PBXFileReference; lastKnownFileType = sourcecode.swift; path = AppDelegate.swift; sourceTree = "<group>"; };
		00D2492B2B148A020084CDEC /* Assets.xcassets */ = {isa = PBXFileReference; lastKnownFileType = folder.assetcatalog; path = Assets.xcassets; sourceTree = "<group>"; };
		00D2492E2B148A020084CDEC /* Base */ = {isa = PBXFileReference; lastKnownFileType = file.storyboard; name = Base; path = Base.lproj/LaunchScreen.storyboard; sourceTree = "<group>"; };
		00D249302B148A020084CDEC /* Info.plist */ = {isa = PBXFileReference; lastKnownFileType = text.plist.xml; path = Info.plist; sourceTree = "<group>"; };
		00D249352B148A020084CDEC /* Kapi-TaskTests.xctest */ = {isa = PBXFileReference; explicitFileType = wrapper.cfbundle; includeInIndex = 0; path = "Kapi-TaskTests.xctest"; sourceTree = BUILT_PRODUCTS_DIR; };
		00D2493F2B148A030084CDEC /* Kapi-TaskUITests.xctest */ = {isa = PBXFileReference; explicitFileType = wrapper.cfbundle; includeInIndex = 0; path = "Kapi-TaskUITests.xctest"; sourceTree = BUILT_PRODUCTS_DIR; };
		00D249432B148A030084CDEC /* Kapi_TaskUITests.swift */ = {isa = PBXFileReference; lastKnownFileType = sourcecode.swift; path = Kapi_TaskUITests.swift; sourceTree = "<group>"; };
		00D249452B148A030084CDEC /* Kapi_TaskUITestsLaunchTests.swift */ = {isa = PBXFileReference; lastKnownFileType = sourcecode.swift; path = Kapi_TaskUITestsLaunchTests.swift; sourceTree = "<group>"; };
		00D249572B14D2000084CDEC /* BaseViewController.swift */ = {isa = PBXFileReference; lastKnownFileType = sourcecode.swift; path = BaseViewController.swift; sourceTree = "<group>"; };
		00D2495B2B14D9A00084CDEC /* Main.storyboard */ = {isa = PBXFileReference; lastKnownFileType = file.storyboard; path = Main.storyboard; sourceTree = "<group>"; };
		00D2495D2B14DC5B0084CDEC /* PostsListViewModel.swift */ = {isa = PBXFileReference; lastKnownFileType = sourcecode.swift; path = PostsListViewModel.swift; sourceTree = "<group>"; };
		00D249602B14DD260084CDEC /* Post.swift */ = {isa = PBXFileReference; lastKnownFileType = sourcecode.swift; path = Post.swift; sourceTree = "<group>"; };
		00D249632B1507150084CDEC /* RegisterDependencies.swift */ = {isa = PBXFileReference; fileEncoding = 4; lastKnownFileType = sourcecode.swift; path = RegisterDependencies.swift; sourceTree = "<group>"; };
		00D249642B1507150084CDEC /* RegisterRepositories.swift */ = {isa = PBXFileReference; fileEncoding = 4; lastKnownFileType = sourcecode.swift; path = RegisterRepositories.swift; sourceTree = "<group>"; };
		00D249652B1507160084CDEC /* RegisterViewModels.swift */ = {isa = PBXFileReference; fileEncoding = 4; lastKnownFileType = sourcecode.swift; path = RegisterViewModels.swift; sourceTree = "<group>"; };
		00D2496A2B1507DA0084CDEC /* Coordinator.swift */ = {isa = PBXFileReference; lastKnownFileType = sourcecode.swift; path = Coordinator.swift; sourceTree = "<group>"; };
		00D2496C2B1508100084CDEC /* MainCoordinator.swift */ = {isa = PBXFileReference; lastKnownFileType = sourcecode.swift; path = MainCoordinator.swift; sourceTree = "<group>"; };
		00D2496E2B1509290084CDEC /* PostsListViewController.swift */ = {isa = PBXFileReference; lastKnownFileType = sourcecode.swift; path = PostsListViewController.swift; sourceTree = "<group>"; };
		00D2496F2B1509290084CDEC /* PostsListViewController.xib */ = {isa = PBXFileReference; lastKnownFileType = file.xib; path = PostsListViewController.xib; sourceTree = "<group>"; };
		00D249732B150C6D0084CDEC /* PostsRepository.swift */ = {isa = PBXFileReference; lastKnownFileType = sourcecode.swift; path = PostsRepository.swift; sourceTree = "<group>"; };
		00D249752B150F2D0084CDEC /* Result.swift */ = {isa = PBXFileReference; lastKnownFileType = sourcecode.swift; path = Result.swift; sourceTree = "<group>"; };
		00D249782B150F930084CDEC /* Constants.swift */ = {isa = PBXFileReference; lastKnownFileType = sourcecode.swift; path = Constants.swift; sourceTree = "<group>"; };
		00D2497A2B1519B80084CDEC /* BaseView.swift */ = {isa = PBXFileReference; lastKnownFileType = sourcecode.swift; path = BaseView.swift; sourceTree = "<group>"; };
		00D249812B151DE10084CDEC /* RegisterViews.swift */ = {isa = PBXFileReference; lastKnownFileType = sourcecode.swift; path = RegisterViews.swift; sourceTree = "<group>"; };
		00D249842B1520D30084CDEC /* PostCell.swift */ = {isa = PBXFileReference; lastKnownFileType = sourcecode.swift; path = PostCell.swift; sourceTree = "<group>"; };
		00D249852B1520D30084CDEC /* PostCell.xib */ = {isa = PBXFileReference; lastKnownFileType = file.xib; path = PostCell.xib; sourceTree = "<group>"; };
		00D2498C2B1528450084CDEC /* Kapi_TaskPostsListTests.swift */ = {isa = PBXFileReference; lastKnownFileType = sourcecode.swift; path = Kapi_TaskPostsListTests.swift; sourceTree = "<group>"; };
		02D556E5EFB68DB09F61A3C7 /* Pods-Kapi-TaskTests.release.xcconfig */ = {isa = PBXFileReference; includeInIndex = 1; lastKnownFileType = text.xcconfig; name = "Pods-Kapi-TaskTests.release.xcconfig"; path = "Target Support Files/Pods-Kapi-TaskTests/Pods-Kapi-TaskTests.release.xcconfig"; sourceTree = "<group>"; };
		1F2F1517585D2C2D5BCD9463 /* Pods_Kapi_Task_Kapi_TaskUITests.framework */ = {isa = PBXFileReference; explicitFileType = wrapper.framework; includeInIndex = 0; path = Pods_Kapi_Task_Kapi_TaskUITests.framework; sourceTree = BUILT_PRODUCTS_DIR; };
		4840436EECF722840890B578 /* Pods-Kapi-Task-Kapi-TaskUITests.release.xcconfig */ = {isa = PBXFileReference; includeInIndex = 1; lastKnownFileType = text.xcconfig; name = "Pods-Kapi-Task-Kapi-TaskUITests.release.xcconfig"; path = "Target Support Files/Pods-Kapi-Task-Kapi-TaskUITests/Pods-Kapi-Task-Kapi-TaskUITests.release.xcconfig"; sourceTree = "<group>"; };
		663D19287CBFE21B10B3D552 /* Pods-Kapi-TaskTests.debug.xcconfig */ = {isa = PBXFileReference; includeInIndex = 1; lastKnownFileType = text.xcconfig; name = "Pods-Kapi-TaskTests.debug.xcconfig"; path = "Target Support Files/Pods-Kapi-TaskTests/Pods-Kapi-TaskTests.debug.xcconfig"; sourceTree = "<group>"; };
		67C91417B837492E3698FE68 /* Pods-Kapi-Task-Kapi-TaskUITests.debug.xcconfig */ = {isa = PBXFileReference; includeInIndex = 1; lastKnownFileType = text.xcconfig; name = "Pods-Kapi-Task-Kapi-TaskUITests.debug.xcconfig"; path = "Target Support Files/Pods-Kapi-Task-Kapi-TaskUITests/Pods-Kapi-Task-Kapi-TaskUITests.debug.xcconfig"; sourceTree = "<group>"; };
		71E5F43845172B547CD3A1E9 /* Pods-Kapi-Task.release.xcconfig */ = {isa = PBXFileReference; includeInIndex = 1; lastKnownFileType = text.xcconfig; name = "Pods-Kapi-Task.release.xcconfig"; path = "Target Support Files/Pods-Kapi-Task/Pods-Kapi-Task.release.xcconfig"; sourceTree = "<group>"; };
		BD7A876BBFBEEBD7A7D33704 /* Pods-Kapi-Task.debug.xcconfig */ = {isa = PBXFileReference; includeInIndex = 1; lastKnownFileType = text.xcconfig; name = "Pods-Kapi-Task.debug.xcconfig"; path = "Target Support Files/Pods-Kapi-Task/Pods-Kapi-Task.debug.xcconfig"; sourceTree = "<group>"; };
		E1555BF61D6DD2C879C0EC6E /* Pods_Kapi_Task.framework */ = {isa = PBXFileReference; explicitFileType = wrapper.framework; includeInIndex = 0; path = Pods_Kapi_Task.framework; sourceTree = BUILT_PRODUCTS_DIR; };
		EB858324A9BEA216E63CDAD7 /* Pods_Kapi_TaskTests.framework */ = {isa = PBXFileReference; explicitFileType = wrapper.framework; includeInIndex = 0; path = Pods_Kapi_TaskTests.framework; sourceTree = BUILT_PRODUCTS_DIR; };
/* End PBXFileReference section */

/* Begin PBXFrameworksBuildPhase section */
		00D2491C2B148A000084CDEC /* Frameworks */ = {
			isa = PBXFrameworksBuildPhase;
			buildActionMask = 2147483647;
			files = (
				F01D941F6F5A157E97F6715D /* Pods_Kapi_Task.framework in Frameworks */,
			);
			runOnlyForDeploymentPostprocessing = 0;
		};
		00D249322B148A020084CDEC /* Frameworks */ = {
			isa = PBXFrameworksBuildPhase;
			buildActionMask = 2147483647;
			files = (
				ADFF44C3648FCD437A6D385D /* Pods_Kapi_TaskTests.framework in Frameworks */,
			);
			runOnlyForDeploymentPostprocessing = 0;
		};
		00D2493C2B148A030084CDEC /* Frameworks */ = {
			isa = PBXFrameworksBuildPhase;
			buildActionMask = 2147483647;
			files = (
				2711B76C46FE8CC51C4DE320 /* Pods_Kapi_Task_Kapi_TaskUITests.framework in Frameworks */,
			);
			runOnlyForDeploymentPostprocessing = 0;
		};
/* End PBXFrameworksBuildPhase section */

/* Begin PBXGroup section */
		00A554732B152AD60071685A /* Form */ = {
			isa = PBXGroup;
			children = (
				00A554742B152C740071685A /* FormViewController.swift */,
				00A554752B152C740071685A /* FormViewController.xib */,
				00A554782B152CE30071685A /* FormViewModel.swift */,
			);
			path = Form;
			sourceTree = "<group>";
		};
		00D249162B148A000084CDEC = {
			isa = PBXGroup;
			children = (
				00D249212B148A000084CDEC /* Kapi-Task */,
				00D249382B148A020084CDEC /* Kapi-TaskTests */,
				00D249422B148A030084CDEC /* Kapi-TaskUITests */,
				00D249202B148A000084CDEC /* Products */,
				783E8E68FC73E4D1DF3B5E75 /* Pods */,
				EDE6C9C2C2DD24169D0FF27A /* Frameworks */,
			);
			sourceTree = "<group>";
		};
		00D249202B148A000084CDEC /* Products */ = {
			isa = PBXGroup;
			children = (
				00D2491F2B148A000084CDEC /* Kapi-Task.app */,
				00D249352B148A020084CDEC /* Kapi-TaskTests.xctest */,
				00D2493F2B148A030084CDEC /* Kapi-TaskUITests.xctest */,
			);
			name = Products;
			sourceTree = "<group>";
		};
		00D249212B148A000084CDEC /* Kapi-Task */ = {
			isa = PBXGroup;
			children = (
				00D249222B148A000084CDEC /* AppDelegate.swift */,
				00D249622B1506F80084CDEC /* DI */,
				00D249692B1507C90084CDEC /* Coordinator */,
				00D2495F2B14DCCD0084CDEC /* Models */,
				00D249722B150C530084CDEC /* Repositories */,
				00D249772B150F840084CDEC /* Utils */,
				00D249522B14D1A40084CDEC /* PostsList */,
				00A554732B152AD60071685A /* Form */,
				00D2492B2B148A020084CDEC /* Assets.xcassets */,
				00D2492D2B148A020084CDEC /* LaunchScreen.storyboard */,
				00D2495B2B14D9A00084CDEC /* Main.storyboard */,
				00D249302B148A020084CDEC /* Info.plist */,
			);
			path = "Kapi-Task";
			sourceTree = "<group>";
		};
		00D249382B148A020084CDEC /* Kapi-TaskTests */ = {
			isa = PBXGroup;
			children = (
				00D2498C2B1528450084CDEC /* Kapi_TaskPostsListTests.swift */,
				00A5547E2B1542520071685A /* Kapi_TaskFormTests.swift */,
			);
			path = "Kapi-TaskTests";
			sourceTree = "<group>";
		};
		00D249422B148A030084CDEC /* Kapi-TaskUITests */ = {
			isa = PBXGroup;
			children = (
				00D249432B148A030084CDEC /* Kapi_TaskUITests.swift */,
				00D249452B148A030084CDEC /* Kapi_TaskUITestsLaunchTests.swift */,
			);
			path = "Kapi-TaskUITests";
			sourceTree = "<group>";
		};
		00D249522B14D1A40084CDEC /* PostsList */ = {
			isa = PBXGroup;
			children = (
				00D249832B1520BA0084CDEC /* Cell */,
				00D2496E2B1509290084CDEC /* PostsListViewController.swift */,
				00D2496F2B1509290084CDEC /* PostsListViewController.xib */,
				00D2495D2B14DC5B0084CDEC /* PostsListViewModel.swift */,
			);
			path = PostsList;
			sourceTree = "<group>";
		};
		00D2495F2B14DCCD0084CDEC /* Models */ = {
			isa = PBXGroup;
			children = (
				00D249602B14DD260084CDEC /* Post.swift */,
			);
			path = Models;
			sourceTree = "<group>";
		};
		00D249622B1506F80084CDEC /* DI */ = {
			isa = PBXGroup;
			children = (
				00D249632B1507150084CDEC /* RegisterDependencies.swift */,
				00D249642B1507150084CDEC /* RegisterRepositories.swift */,
				00D249652B1507160084CDEC /* RegisterViewModels.swift */,
				00D249812B151DE10084CDEC /* RegisterViews.swift */,
			);
			path = DI;
			sourceTree = "<group>";
		};
		00D249692B1507C90084CDEC /* Coordinator */ = {
			isa = PBXGroup;
			children = (
				00D2496A2B1507DA0084CDEC /* Coordinator.swift */,
				00D2496C2B1508100084CDEC /* MainCoordinator.swift */,
			);
			path = Coordinator;
			sourceTree = "<group>";
		};
		00D249722B150C530084CDEC /* Repositories */ = {
			isa = PBXGroup;
			children = (
				00D249732B150C6D0084CDEC /* PostsRepository.swift */,
			);
			path = Repositories;
			sourceTree = "<group>";
		};
		00D249772B150F840084CDEC /* Utils */ = {
			isa = PBXGroup;
			children = (
				00D249572B14D2000084CDEC /* BaseViewController.swift */,
				00D2497A2B1519B80084CDEC /* BaseView.swift */,
				00D249752B150F2D0084CDEC /* Result.swift */,
				00D249782B150F930084CDEC /* Constants.swift */,
				00A5547A2B152F2D0071685A /* UIViewExtension.swift */,
				00A5547C2B15373A0071685A /* BaseRepository.swift */,
			);
			path = Utils;
			sourceTree = "<group>";
		};
		00D249832B1520BA0084CDEC /* Cell */ = {
			isa = PBXGroup;
			children = (
				00D249842B1520D30084CDEC /* PostCell.swift */,
				00D249852B1520D30084CDEC /* PostCell.xib */,
			);
			path = Cell;
			sourceTree = "<group>";
		};
		783E8E68FC73E4D1DF3B5E75 /* Pods */ = {
			isa = PBXGroup;
			children = (
				BD7A876BBFBEEBD7A7D33704 /* Pods-Kapi-Task.debug.xcconfig */,
				71E5F43845172B547CD3A1E9 /* Pods-Kapi-Task.release.xcconfig */,
				67C91417B837492E3698FE68 /* Pods-Kapi-Task-Kapi-TaskUITests.debug.xcconfig */,
				4840436EECF722840890B578 /* Pods-Kapi-Task-Kapi-TaskUITests.release.xcconfig */,
				663D19287CBFE21B10B3D552 /* Pods-Kapi-TaskTests.debug.xcconfig */,
				02D556E5EFB68DB09F61A3C7 /* Pods-Kapi-TaskTests.release.xcconfig */,
			);
			path = Pods;
			sourceTree = "<group>";
		};
		EDE6C9C2C2DD24169D0FF27A /* Frameworks */ = {
			isa = PBXGroup;
			children = (
				E1555BF61D6DD2C879C0EC6E /* Pods_Kapi_Task.framework */,
				1F2F1517585D2C2D5BCD9463 /* Pods_Kapi_Task_Kapi_TaskUITests.framework */,
				EB858324A9BEA216E63CDAD7 /* Pods_Kapi_TaskTests.framework */,
			);
			name = Frameworks;
			sourceTree = "<group>";
		};
/* End PBXGroup section */

/* Begin PBXNativeTarget section */
		00D2491E2B148A000084CDEC /* Kapi-Task */ = {
			isa = PBXNativeTarget;
			buildConfigurationList = 00D249492B148A030084CDEC /* Build configuration list for PBXNativeTarget "Kapi-Task" */;
			buildPhases = (
				E49BFBD627218C21B7594E98 /* [CP] Check Pods Manifest.lock */,
				00D2491B2B148A000084CDEC /* Sources */,
				00D2491C2B148A000084CDEC /* Frameworks */,
				00D2491D2B148A000084CDEC /* Resources */,
				3534599D8CEAD901A35EA0E6 /* [CP] Embed Pods Frameworks */,
			);
			buildRules = (
			);
			dependencies = (
			);
			name = "Kapi-Task";
			productName = "Kapi-Task";
			productReference = 00D2491F2B148A000084CDEC /* Kapi-Task.app */;
			productType = "com.apple.product-type.application";
		};
		00D249342B148A020084CDEC /* Kapi-TaskTests */ = {
			isa = PBXNativeTarget;
			buildConfigurationList = 00D2494C2B148A030084CDEC /* Build configuration list for PBXNativeTarget "Kapi-TaskTests" */;
			buildPhases = (
				00E9A2FF802D612FC2E2C832 /* [CP] Check Pods Manifest.lock */,
				00D249312B148A020084CDEC /* Sources */,
				00D249322B148A020084CDEC /* Frameworks */,
				00D249332B148A020084CDEC /* Resources */,
			);
			buildRules = (
			);
			dependencies = (
				00D249372B148A020084CDEC /* PBXTargetDependency */,
			);
			name = "Kapi-TaskTests";
			productName = "Kapi-TaskTests";
			productReference = 00D249352B148A020084CDEC /* Kapi-TaskTests.xctest */;
			productType = "com.apple.product-type.bundle.unit-test";
		};
		00D2493E2B148A030084CDEC /* Kapi-TaskUITests */ = {
			isa = PBXNativeTarget;
			buildConfigurationList = 00D2494F2B148A030084CDEC /* Build configuration list for PBXNativeTarget "Kapi-TaskUITests" */;
			buildPhases = (
				C0A8A8426E0593A5534BBA85 /* [CP] Check Pods Manifest.lock */,
				00D2493B2B148A030084CDEC /* Sources */,
				00D2493C2B148A030084CDEC /* Frameworks */,
				00D2493D2B148A030084CDEC /* Resources */,
				E1C26C42DA88173704921817 /* [CP] Embed Pods Frameworks */,
			);
			buildRules = (
			);
			dependencies = (
				00D249412B148A030084CDEC /* PBXTargetDependency */,
			);
			name = "Kapi-TaskUITests";
			productName = "Kapi-TaskUITests";
			productReference = 00D2493F2B148A030084CDEC /* Kapi-TaskUITests.xctest */;
			productType = "com.apple.product-type.bundle.ui-testing";
		};
/* End PBXNativeTarget section */

/* Begin PBXProject section */
		00D249172B148A000084CDEC /* Project object */ = {
			isa = PBXProject;
			attributes = {
				BuildIndependentTargetsInParallel = 1;
				LastSwiftUpdateCheck = 1430;
				LastUpgradeCheck = 1430;
				TargetAttributes = {
					00D2491E2B148A000084CDEC = {
						CreatedOnToolsVersion = 14.3.1;
					};
					00D249342B148A020084CDEC = {
						CreatedOnToolsVersion = 14.3.1;
						TestTargetID = 00D2491E2B148A000084CDEC;
					};
					00D2493E2B148A030084CDEC = {
						CreatedOnToolsVersion = 14.3.1;
						TestTargetID = 00D2491E2B148A000084CDEC;
					};
				};
			};
			buildConfigurationList = 00D2491A2B148A000084CDEC /* Build configuration list for PBXProject "Kapi-Task" */;
			compatibilityVersion = "Xcode 14.0";
			developmentRegion = en;
			hasScannedForEncodings = 0;
			knownRegions = (
				en,
				Base,
			);
			mainGroup = 00D249162B148A000084CDEC;
			productRefGroup = 00D249202B148A000084CDEC /* Products */;
			projectDirPath = "";
			projectRoot = "";
			targets = (
				00D2491E2B148A000084CDEC /* Kapi-Task */,
				00D249342B148A020084CDEC /* Kapi-TaskTests */,
				00D2493E2B148A030084CDEC /* Kapi-TaskUITests */,
			);
		};
/* End PBXProject section */

/* Begin PBXResourcesBuildPhase section */
		00D2491D2B148A000084CDEC /* Resources */ = {
			isa = PBXResourcesBuildPhase;
			buildActionMask = 2147483647;
			files = (
				00D249712B1509290084CDEC /* PostsListViewController.xib in Resources */,
				00D2492F2B148A020084CDEC /* LaunchScreen.storyboard in Resources */,
				00D249872B1520D30084CDEC /* PostCell.xib in Resources */,
				00D2492C2B148A020084CDEC /* Assets.xcassets in Resources */,
				00A554772B152C740071685A /* FormViewController.xib in Resources */,
				00D2495C2B14D9A00084CDEC /* Main.storyboard in Resources */,
			);
			runOnlyForDeploymentPostprocessing = 0;
		};
		00D249332B148A020084CDEC /* Resources */ = {
			isa = PBXResourcesBuildPhase;
			buildActionMask = 2147483647;
			files = (
			);
			runOnlyForDeploymentPostprocessing = 0;
		};
		00D2493D2B148A030084CDEC /* Resources */ = {
			isa = PBXResourcesBuildPhase;
			buildActionMask = 2147483647;
			files = (
			);
			runOnlyForDeploymentPostprocessing = 0;
		};
/* End PBXResourcesBuildPhase section */

/* Begin PBXShellScriptBuildPhase section */
		00E9A2FF802D612FC2E2C832 /* [CP] Check Pods Manifest.lock */ = {
			isa = PBXShellScriptBuildPhase;
			buildActionMask = 2147483647;
			files = (
			);
			inputFileListPaths = (
			);
			inputPaths = (
				"${PODS_PODFILE_DIR_PATH}/Podfile.lock",
				"${PODS_ROOT}/Manifest.lock",
			);
			name = "[CP] Check Pods Manifest.lock";
			outputFileListPaths = (
			);
			outputPaths = (
				"$(DERIVED_FILE_DIR)/Pods-Kapi-TaskTests-checkManifestLockResult.txt",
			);
			runOnlyForDeploymentPostprocessing = 0;
			shellPath = /bin/sh;
			shellScript = "diff \"${PODS_PODFILE_DIR_PATH}/Podfile.lock\" \"${PODS_ROOT}/Manifest.lock\" > /dev/null\nif [ $? != 0 ] ; then\n    # print error to STDERR\n    echo \"error: The sandbox is not in sync with the Podfile.lock. Run 'pod install' or update your CocoaPods installation.\" >&2\n    exit 1\nfi\n# This output is used by Xcode 'outputs' to avoid re-running this script phase.\necho \"SUCCESS\" > \"${SCRIPT_OUTPUT_FILE_0}\"\n";
			showEnvVarsInLog = 0;
		};
		3534599D8CEAD901A35EA0E6 /* [CP] Embed Pods Frameworks */ = {
			isa = PBXShellScriptBuildPhase;
			buildActionMask = 2147483647;
			files = (
			);
			inputFileListPaths = (
				"${PODS_ROOT}/Target Support Files/Pods-Kapi-Task/Pods-Kapi-Task-frameworks-${CONFIGURATION}-input-files.xcfilelist",
			);
			name = "[CP] Embed Pods Frameworks";
			outputFileListPaths = (
				"${PODS_ROOT}/Target Support Files/Pods-Kapi-Task/Pods-Kapi-Task-frameworks-${CONFIGURATION}-output-files.xcfilelist",
			);
			runOnlyForDeploymentPostprocessing = 0;
			shellPath = /bin/sh;
			shellScript = "\"${PODS_ROOT}/Target Support Files/Pods-Kapi-Task/Pods-Kapi-Task-frameworks.sh\"\n";
			showEnvVarsInLog = 0;
		};
		C0A8A8426E0593A5534BBA85 /* [CP] Check Pods Manifest.lock */ = {
			isa = PBXShellScriptBuildPhase;
			buildActionMask = 2147483647;
			files = (
			);
			inputFileListPaths = (
			);
			inputPaths = (
				"${PODS_PODFILE_DIR_PATH}/Podfile.lock",
				"${PODS_ROOT}/Manifest.lock",
			);
			name = "[CP] Check Pods Manifest.lock";
			outputFileListPaths = (
			);
			outputPaths = (
				"$(DERIVED_FILE_DIR)/Pods-Kapi-Task-Kapi-TaskUITests-checkManifestLockResult.txt",
			);
			runOnlyForDeploymentPostprocessing = 0;
			shellPath = /bin/sh;
			shellScript = "diff \"${PODS_PODFILE_DIR_PATH}/Podfile.lock\" \"${PODS_ROOT}/Manifest.lock\" > /dev/null\nif [ $? != 0 ] ; then\n    # print error to STDERR\n    echo \"error: The sandbox is not in sync with the Podfile.lock. Run 'pod install' or update your CocoaPods installation.\" >&2\n    exit 1\nfi\n# This output is used by Xcode 'outputs' to avoid re-running this script phase.\necho \"SUCCESS\" > \"${SCRIPT_OUTPUT_FILE_0}\"\n";
			showEnvVarsInLog = 0;
		};
		E1C26C42DA88173704921817 /* [CP] Embed Pods Frameworks */ = {
			isa = PBXShellScriptBuildPhase;
			buildActionMask = 2147483647;
			files = (
			);
			inputFileListPaths = (
				"${PODS_ROOT}/Target Support Files/Pods-Kapi-Task-Kapi-TaskUITests/Pods-Kapi-Task-Kapi-TaskUITests-frameworks-${CONFIGURATION}-input-files.xcfilelist",
			);
			name = "[CP] Embed Pods Frameworks";
			outputFileListPaths = (
				"${PODS_ROOT}/Target Support Files/Pods-Kapi-Task-Kapi-TaskUITests/Pods-Kapi-Task-Kapi-TaskUITests-frameworks-${CONFIGURATION}-output-files.xcfilelist",
			);
			runOnlyForDeploymentPostprocessing = 0;
			shellPath = /bin/sh;
			shellScript = "\"${PODS_ROOT}/Target Support Files/Pods-Kapi-Task-Kapi-TaskUITests/Pods-Kapi-Task-Kapi-TaskUITests-frameworks.sh\"\n";
			showEnvVarsInLog = 0;
		};
		E49BFBD627218C21B7594E98 /* [CP] Check Pods Manifest.lock */ = {
			isa = PBXShellScriptBuildPhase;
			buildActionMask = 2147483647;
			files = (
			);
			inputFileListPaths = (
			);
			inputPaths = (
				"${PODS_PODFILE_DIR_PATH}/Podfile.lock",
				"${PODS_ROOT}/Manifest.lock",
			);
			name = "[CP] Check Pods Manifest.lock";
			outputFileListPaths = (
			);
			outputPaths = (
				"$(DERIVED_FILE_DIR)/Pods-Kapi-Task-checkManifestLockResult.txt",
			);
			runOnlyForDeploymentPostprocessing = 0;
			shellPath = /bin/sh;
			shellScript = "diff \"${PODS_PODFILE_DIR_PATH}/Podfile.lock\" \"${PODS_ROOT}/Manifest.lock\" > /dev/null\nif [ $? != 0 ] ; then\n    # print error to STDERR\n    echo \"error: The sandbox is not in sync with the Podfile.lock. Run 'pod install' or update your CocoaPods installation.\" >&2\n    exit 1\nfi\n# This output is used by Xcode 'outputs' to avoid re-running this script phase.\necho \"SUCCESS\" > \"${SCRIPT_OUTPUT_FILE_0}\"\n";
			showEnvVarsInLog = 0;
		};
/* End PBXShellScriptBuildPhase section */

/* Begin PBXSourcesBuildPhase section */
		00D2491B2B148A000084CDEC /* Sources */ = {
			isa = PBXSourcesBuildPhase;
			buildActionMask = 2147483647;
			files = (
				00D2495E2B14DC5B0084CDEC /* PostsListViewModel.swift in Sources */,
				00D249822B151DE10084CDEC /* RegisterViews.swift in Sources */,
				00D249742B150C6D0084CDEC /* PostsRepository.swift in Sources */,
				00D2496D2B1508100084CDEC /* MainCoordinator.swift in Sources */,
				00D249662B1507160084CDEC /* RegisterDependencies.swift in Sources */,
				00D249582B14D2000084CDEC /* BaseViewController.swift in Sources */,
				00D249682B1507160084CDEC /* RegisterViewModels.swift in Sources */,
				00D249762B150F2D0084CDEC /* Result.swift in Sources */,
				00D249792B150F930084CDEC /* Constants.swift in Sources */,
				00D2496B2B1507DA0084CDEC /* Coordinator.swift in Sources */,
				00D249232B148A000084CDEC /* AppDelegate.swift in Sources */,
				00D249702B1509290084CDEC /* PostsListViewController.swift in Sources */,
				00A554792B152CE30071685A /* FormViewModel.swift in Sources */,
				00A5547B2B152F2D0071685A /* UIViewExtension.swift in Sources */,
				00D2497B2B1519B80084CDEC /* BaseView.swift in Sources */,
				00D249612B14DD260084CDEC /* Post.swift in Sources */,
				00D249672B1507160084CDEC /* RegisterRepositories.swift in Sources */,
				00A554762B152C740071685A /* FormViewController.swift in Sources */,
				00A5547D2B15373A0071685A /* BaseRepository.swift in Sources */,
				00D249862B1520D30084CDEC /* PostCell.swift in Sources */,
			);
			runOnlyForDeploymentPostprocessing = 0;
		};
		00D249312B148A020084CDEC /* Sources */ = {
			isa = PBXSourcesBuildPhase;
			buildActionMask = 2147483647;
			files = (
				00D2498D2B1528450084CDEC /* Kapi_TaskPostsListTests.swift in Sources */,
				00A5547F2B1542520071685A /* Kapi_TaskFormTests.swift in Sources */,
			);
			runOnlyForDeploymentPostprocessing = 0;
		};
		00D2493B2B148A030084CDEC /* Sources */ = {
			isa = PBXSourcesBuildPhase;
			buildActionMask = 2147483647;
			files = (
				00D249462B148A030084CDEC /* Kapi_TaskUITestsLaunchTests.swift in Sources */,
				00D249442B148A030084CDEC /* Kapi_TaskUITests.swift in Sources */,
			);
			runOnlyForDeploymentPostprocessing = 0;
		};
/* End PBXSourcesBuildPhase section */

/* Begin PBXTargetDependency section */
		00D249372B148A020084CDEC /* PBXTargetDependency */ = {
			isa = PBXTargetDependency;
			target = 00D2491E2B148A000084CDEC /* Kapi-Task */;
			targetProxy = 00D249362B148A020084CDEC /* PBXContainerItemProxy */;
		};
		00D249412B148A030084CDEC /* PBXTargetDependency */ = {
			isa = PBXTargetDependency;
			target = 00D2491E2B148A000084CDEC /* Kapi-Task */;
			targetProxy = 00D249402B148A030084CDEC /* PBXContainerItemProxy */;
		};
/* End PBXTargetDependency section */

/* Begin PBXVariantGroup section */
		00D2492D2B148A020084CDEC /* LaunchScreen.storyboard */ = {
			isa = PBXVariantGroup;
			children = (
				00D2492E2B148A020084CDEC /* Base */,
			);
			name = LaunchScreen.storyboard;
			sourceTree = "<group>";
		};
/* End PBXVariantGroup section */

/* Begin XCBuildConfiguration section */
		00D249472B148A030084CDEC /* Debug */ = {
			isa = XCBuildConfiguration;
			buildSettings = {
				ALWAYS_SEARCH_USER_PATHS = NO;
				CLANG_ANALYZER_NONNULL = YES;
				CLANG_ANALYZER_NUMBER_OBJECT_CONVERSION = YES_AGGRESSIVE;
				CLANG_CXX_LANGUAGE_STANDARD = "gnu++20";
				CLANG_ENABLE_MODULES = YES;
				CLANG_ENABLE_OBJC_ARC = YES;
				CLANG_ENABLE_OBJC_WEAK = YES;
				CLANG_WARN_BLOCK_CAPTURE_AUTORELEASING = YES;
				CLANG_WARN_BOOL_CONVERSION = YES;
				CLANG_WARN_COMMA = YES;
				CLANG_WARN_CONSTANT_CONVERSION = YES;
				CLANG_WARN_DEPRECATED_OBJC_IMPLEMENTATIONS = YES;
				CLANG_WARN_DIRECT_OBJC_ISA_USAGE = YES_ERROR;
				CLANG_WARN_DOCUMENTATION_COMMENTS = YES;
				CLANG_WARN_EMPTY_BODY = YES;
				CLANG_WARN_ENUM_CONVERSION = YES;
				CLANG_WARN_INFINITE_RECURSION = YES;
				CLANG_WARN_INT_CONVERSION = YES;
				CLANG_WARN_NON_LITERAL_NULL_CONVERSION = YES;
				CLANG_WARN_OBJC_IMPLICIT_RETAIN_SELF = YES;
				CLANG_WARN_OBJC_LITERAL_CONVERSION = YES;
				CLANG_WARN_OBJC_ROOT_CLASS = YES_ERROR;
				CLANG_WARN_QUOTED_INCLUDE_IN_FRAMEWORK_HEADER = YES;
				CLANG_WARN_RANGE_LOOP_ANALYSIS = YES;
				CLANG_WARN_STRICT_PROTOTYPES = YES;
				CLANG_WARN_SUSPICIOUS_MOVE = YES;
				CLANG_WARN_UNGUARDED_AVAILABILITY = YES_AGGRESSIVE;
				CLANG_WARN_UNREACHABLE_CODE = YES;
				CLANG_WARN__DUPLICATE_METHOD_MATCH = YES;
				COPY_PHASE_STRIP = NO;
				DEBUG_INFORMATION_FORMAT = dwarf;
				ENABLE_STRICT_OBJC_MSGSEND = YES;
				ENABLE_TESTABILITY = YES;
				GCC_C_LANGUAGE_STANDARD = gnu11;
				GCC_DYNAMIC_NO_PIC = NO;
				GCC_NO_COMMON_BLOCKS = YES;
				GCC_OPTIMIZATION_LEVEL = 0;
				GCC_PREPROCESSOR_DEFINITIONS = (
					"DEBUG=1",
					"$(inherited)",
				);
				GCC_WARN_64_TO_32_BIT_CONVERSION = YES;
				GCC_WARN_ABOUT_RETURN_TYPE = YES_ERROR;
				GCC_WARN_UNDECLARED_SELECTOR = YES;
				GCC_WARN_UNINITIALIZED_AUTOS = YES_AGGRESSIVE;
				GCC_WARN_UNUSED_FUNCTION = YES;
				GCC_WARN_UNUSED_VARIABLE = YES;
				IPHONEOS_DEPLOYMENT_TARGET = 15.0;
				MTL_ENABLE_DEBUG_INFO = INCLUDE_SOURCE;
				MTL_FAST_MATH = YES;
				ONLY_ACTIVE_ARCH = YES;
				SDKROOT = iphoneos;
				SWIFT_ACTIVE_COMPILATION_CONDITIONS = DEBUG;
				SWIFT_OPTIMIZATION_LEVEL = "-Onone";
			};
			name = Debug;
		};
		00D249482B148A030084CDEC /* Release */ = {
			isa = XCBuildConfiguration;
			buildSettings = {
				ALWAYS_SEARCH_USER_PATHS = NO;
				CLANG_ANALYZER_NONNULL = YES;
				CLANG_ANALYZER_NUMBER_OBJECT_CONVERSION = YES_AGGRESSIVE;
				CLANG_CXX_LANGUAGE_STANDARD = "gnu++20";
				CLANG_ENABLE_MODULES = YES;
				CLANG_ENABLE_OBJC_ARC = YES;
				CLANG_ENABLE_OBJC_WEAK = YES;
				CLANG_WARN_BLOCK_CAPTURE_AUTORELEASING = YES;
				CLANG_WARN_BOOL_CONVERSION = YES;
				CLANG_WARN_COMMA = YES;
				CLANG_WARN_CONSTANT_CONVERSION = YES;
				CLANG_WARN_DEPRECATED_OBJC_IMPLEMENTATIONS = YES;
				CLANG_WARN_DIRECT_OBJC_ISA_USAGE = YES_ERROR;
				CLANG_WARN_DOCUMENTATION_COMMENTS = YES;
				CLANG_WARN_EMPTY_BODY = YES;
				CLANG_WARN_ENUM_CONVERSION = YES;
				CLANG_WARN_INFINITE_RECURSION = YES;
				CLANG_WARN_INT_CONVERSION = YES;
				CLANG_WARN_NON_LITERAL_NULL_CONVERSION = YES;
				CLANG_WARN_OBJC_IMPLICIT_RETAIN_SELF = YES;
				CLANG_WARN_OBJC_LITERAL_CONVERSION = YES;
				CLANG_WARN_OBJC_ROOT_CLASS = YES_ERROR;
				CLANG_WARN_QUOTED_INCLUDE_IN_FRAMEWORK_HEADER = YES;
				CLANG_WARN_RANGE_LOOP_ANALYSIS = YES;
				CLANG_WARN_STRICT_PROTOTYPES = YES;
				CLANG_WARN_SUSPICIOUS_MOVE = YES;
				CLANG_WARN_UNGUARDED_AVAILABILITY = YES_AGGRESSIVE;
				CLANG_WARN_UNREACHABLE_CODE = YES;
				CLANG_WARN__DUPLICATE_METHOD_MATCH = YES;
				COPY_PHASE_STRIP = NO;
				DEBUG_INFORMATION_FORMAT = "dwarf-with-dsym";
				ENABLE_NS_ASSERTIONS = NO;
				ENABLE_STRICT_OBJC_MSGSEND = YES;
				GCC_C_LANGUAGE_STANDARD = gnu11;
				GCC_NO_COMMON_BLOCKS = YES;
				GCC_WARN_64_TO_32_BIT_CONVERSION = YES;
				GCC_WARN_ABOUT_RETURN_TYPE = YES_ERROR;
				GCC_WARN_UNDECLARED_SELECTOR = YES;
				GCC_WARN_UNINITIALIZED_AUTOS = YES_AGGRESSIVE;
				GCC_WARN_UNUSED_FUNCTION = YES;
				GCC_WARN_UNUSED_VARIABLE = YES;
				IPHONEOS_DEPLOYMENT_TARGET = 15.0;
				MTL_ENABLE_DEBUG_INFO = NO;
				MTL_FAST_MATH = YES;
				SDKROOT = iphoneos;
				SWIFT_COMPILATION_MODE = wholemodule;
				SWIFT_OPTIMIZATION_LEVEL = "-O";
				VALIDATE_PRODUCT = YES;
			};
			name = Release;
		};
		00D2494A2B148A030084CDEC /* Debug */ = {
			isa = XCBuildConfiguration;
			baseConfigurationReference = BD7A876BBFBEEBD7A7D33704 /* Pods-Kapi-Task.debug.xcconfig */;
			buildSettings = {
				ASSETCATALOG_COMPILER_APPICON_NAME = AppIcon;
				ASSETCATALOG_COMPILER_GLOBAL_ACCENT_COLOR_NAME = AccentColor;
				CODE_SIGN_STYLE = Automatic;
				CURRENT_PROJECT_VERSION = 1;
				GENERATE_INFOPLIST_FILE = YES;
				INFOPLIST_FILE = "Kapi-Task/Info.plist";
				INFOPLIST_KEY_UIApplicationSupportsIndirectInputEvents = YES;
				INFOPLIST_KEY_UILaunchStoryboardName = LaunchScreen.storyboard;
				INFOPLIST_KEY_UIMainStoryboardFile = Main;
				INFOPLIST_KEY_UIStatusBarStyle = "";
				INFOPLIST_KEY_UISupportedInterfaceOrientations = UIInterfaceOrientationPortrait;
				IPHONEOS_DEPLOYMENT_TARGET = 15.0;
				LD_RUNPATH_SEARCH_PATHS = (
					"$(inherited)",
					"@executable_path/Frameworks",
				);
				MARKETING_VERSION = 1.0;
				PRODUCT_BUNDLE_IDENTIFIER = "com.example.Kapi-Task";
				PRODUCT_NAME = "$(TARGET_NAME)";
				SUPPORTED_PLATFORMS = "iphoneos iphonesimulator";
				SUPPORTS_MACCATALYST = NO;
				SUPPORTS_MAC_DESIGNED_FOR_IPHONE_IPAD = NO;
				SWIFT_EMIT_LOC_STRINGS = YES;
				SWIFT_VERSION = 5.0;
				TARGETED_DEVICE_FAMILY = "1,2";
			};
			name = Debug;
		};
		00D2494B2B148A030084CDEC /* Release */ = {
			isa = XCBuildConfiguration;
			baseConfigurationReference = 71E5F43845172B547CD3A1E9 /* Pods-Kapi-Task.release.xcconfig */;
			buildSettings = {
				ASSETCATALOG_COMPILER_APPICON_NAME = AppIcon;
				ASSETCATALOG_COMPILER_GLOBAL_ACCENT_COLOR_NAME = AccentColor;
				CODE_SIGN_STYLE = Automatic;
				CURRENT_PROJECT_VERSION = 1;
				GENERATE_INFOPLIST_FILE = YES;
				INFOPLIST_FILE = "Kapi-Task/Info.plist";
				INFOPLIST_KEY_UIApplicationSupportsIndirectInputEvents = YES;
				INFOPLIST_KEY_UILaunchStoryboardName = LaunchScreen.storyboard;
				INFOPLIST_KEY_UIMainStoryboardFile = Main;
				INFOPLIST_KEY_UIStatusBarStyle = "";
				INFOPLIST_KEY_UISupportedInterfaceOrientations = UIInterfaceOrientationPortrait;
				IPHONEOS_DEPLOYMENT_TARGET = 15.0;
				LD_RUNPATH_SEARCH_PATHS = (
					"$(inherited)",
					"@executable_path/Frameworks",
				);
				MARKETING_VERSION = 1.0;
				PRODUCT_BUNDLE_IDENTIFIER = "com.example.Kapi-Task";
				PRODUCT_NAME = "$(TARGET_NAME)";
				SUPPORTED_PLATFORMS = "iphoneos iphonesimulator";
				SUPPORTS_MACCATALYST = NO;
				SUPPORTS_MAC_DESIGNED_FOR_IPHONE_IPAD = NO;
				SWIFT_EMIT_LOC_STRINGS = YES;
				SWIFT_VERSION = 5.0;
				TARGETED_DEVICE_FAMILY = "1,2";
			};
			name = Release;
		};
		00D2494D2B148A030084CDEC /* Debug */ = {
			isa = XCBuildConfiguration;
			baseConfigurationReference = 663D19287CBFE21B10B3D552 /* Pods-Kapi-TaskTests.debug.xcconfig */;
			buildSettings = {
				ALWAYS_EMBED_SWIFT_STANDARD_LIBRARIES = YES;
				BUNDLE_LOADER = "$(TEST_HOST)";
				CODE_SIGN_STYLE = Automatic;
				CURRENT_PROJECT_VERSION = 1;
				GENERATE_INFOPLIST_FILE = YES;
				IPHONEOS_DEPLOYMENT_TARGET = 16.4;
				MARKETING_VERSION = 1.0;
				PRODUCT_BUNDLE_IDENTIFIER = "com.example.Kapi-TaskTests";
				PRODUCT_NAME = "$(TARGET_NAME)";
				SWIFT_EMIT_LOC_STRINGS = NO;
				SWIFT_VERSION = 5.0;
				TARGETED_DEVICE_FAMILY = "1,2";
				TEST_HOST = "$(BUILT_PRODUCTS_DIR)/Kapi-Task.app/$(BUNDLE_EXECUTABLE_FOLDER_PATH)/Kapi-Task";
			};
			name = Debug;
		};
		00D2494E2B148A030084CDEC /* Release */ = {
			isa = XCBuildConfiguration;
			baseConfigurationReference = 02D556E5EFB68DB09F61A3C7 /* Pods-Kapi-TaskTests.release.xcconfig */;
			buildSettings = {
				ALWAYS_EMBED_SWIFT_STANDARD_LIBRARIES = YES;
				BUNDLE_LOADER = "$(TEST_HOST)";
				CODE_SIGN_STYLE = Automatic;
				CURRENT_PROJECT_VERSION = 1;
				GENERATE_INFOPLIST_FILE = YES;
				IPHONEOS_DEPLOYMENT_TARGET = 16.4;
				MARKETING_VERSION = 1.0;
				PRODUCT_BUNDLE_IDENTIFIER = "com.example.Kapi-TaskTests";
				PRODUCT_NAME = "$(TARGET_NAME)";
				SWIFT_EMIT_LOC_STRINGS = NO;
				SWIFT_VERSION = 5.0;
				TARGETED_DEVICE_FAMILY = "1,2";
				TEST_HOST = "$(BUILT_PRODUCTS_DIR)/Kapi-Task.app/$(BUNDLE_EXECUTABLE_FOLDER_PATH)/Kapi-Task";
			};
			name = Release;
		};
		00D249502B148A030084CDEC /* Debug */ = {
			isa = XCBuildConfiguration;
			baseConfigurationReference = 67C91417B837492E3698FE68 /* Pods-Kapi-Task-Kapi-TaskUITests.debug.xcconfig */;
			buildSettings = {
				ALWAYS_EMBED_SWIFT_STANDARD_LIBRARIES = YES;
				CODE_SIGN_STYLE = Automatic;
				CURRENT_PROJECT_VERSION = 1;
				GENERATE_INFOPLIST_FILE = YES;
				MARKETING_VERSION = 1.0;
				PRODUCT_BUNDLE_IDENTIFIER = "com.example.Kapi-TaskUITests";
				PRODUCT_NAME = "$(TARGET_NAME)";
				SWIFT_EMIT_LOC_STRINGS = NO;
				SWIFT_VERSION = 5.0;
				TARGETED_DEVICE_FAMILY = "1,2";
				TEST_TARGET_NAME = "Kapi-Task";
			};
			name = Debug;
		};
		00D249512B148A030084CDEC /* Release */ = {
			isa = XCBuildConfiguration;
			baseConfigurationReference = 4840436EECF722840890B578 /* Pods-Kapi-Task-Kapi-TaskUITests.release.xcconfig */;
			buildSettings = {
				ALWAYS_EMBED_SWIFT_STANDARD_LIBRARIES = YES;
				CODE_SIGN_STYLE = Automatic;
				CURRENT_PROJECT_VERSION = 1;
				GENERATE_INFOPLIST_FILE = YES;
				MARKETING_VERSION = 1.0;
				PRODUCT_BUNDLE_IDENTIFIER = "com.example.Kapi-TaskUITests";
				PRODUCT_NAME = "$(TARGET_NAME)";
				SWIFT_EMIT_LOC_STRINGS = NO;
				SWIFT_VERSION = 5.0;
				TARGETED_DEVICE_FAMILY = "1,2";
				TEST_TARGET_NAME = "Kapi-Task";
			};
			name = Release;
		};
/* End XCBuildConfiguration section */

/* Begin XCConfigurationList section */
		00D2491A2B148A000084CDEC /* Build configuration list for PBXProject "Kapi-Task" */ = {
			isa = XCConfigurationList;
			buildConfigurations = (
				00D249472B148A030084CDEC /* Debug */,
				00D249482B148A030084CDEC /* Release */,
			);
			defaultConfigurationIsVisible = 0;
			defaultConfigurationName = Release;
		};
		00D249492B148A030084CDEC /* Build configuration list for PBXNativeTarget "Kapi-Task" */ = {
			isa = XCConfigurationList;
			buildConfigurations = (
				00D2494A2B148A030084CDEC /* Debug */,
				00D2494B2B148A030084CDEC /* Release */,
			);
			defaultConfigurationIsVisible = 0;
			defaultConfigurationName = Release;
		};
		00D2494C2B148A030084CDEC /* Build configuration list for PBXNativeTarget "Kapi-TaskTests" */ = {
			isa = XCConfigurationList;
			buildConfigurations = (
				00D2494D2B148A030084CDEC /* Debug */,
				00D2494E2B148A030084CDEC /* Release */,
			);
			defaultConfigurationIsVisible = 0;
			defaultConfigurationName = Release;
		};
		00D2494F2B148A030084CDEC /* Build configuration list for PBXNativeTarget "Kapi-TaskUITests" */ = {
			isa = XCConfigurationList;
			buildConfigurations = (
				00D249502B148A030084CDEC /* Debug */,
				00D249512B148A030084CDEC /* Release */,
			);
			defaultConfigurationIsVisible = 0;
			defaultConfigurationName = Release;
		};
/* End XCConfigurationList section */
	};
	rootObject = 00D249172B148A000084CDEC /* Project object */;
}
